// !$*UTF8*$!
{
	archiveVersion = 1;
	classes = {
	};
	objectVersion = 54;
	objects = {

/* Begin PBXBuildFile section */
		6E1EAB3E2D1087DD00D51F31 /* .gitignore in Resources */ = {isa = PBXBuildFile; fileRef = 6E1EAB3D2D1087D600D51F31 /* .gitignore */; };
		6EDF9B012D4A4CFD00735712 /* WebPlayViewController.swift in Sources */ = {isa = PBXBuildFile; fileRef = BB4FFC8D1D71DA550045B4DF /* WebPlayViewController.swift */; };
		BB22FF7C1D330F2A00810BA5 /* CustomButton.swift in Sources */ = {isa = PBXBuildFile; fileRef = BB22FF7B1D330F2A00810BA5 /* CustomButton.swift */; };
		BB2C635D1D0F0ECB002CCFB2 /* pause_white.png in Resources */ = {isa = PBXBuildFile; fileRef = BB2C635C1D0F0ECB002CCFB2 /* pause_white.png */; };
		BB2C635F1D0F0ED8002CCFB2 /* pause_white@2x.png in Resources */ = {isa = PBXBuildFile; fileRef = BB2C635E1D0F0ED8002CCFB2 /* pause_white@2x.png */; };
		BB2C63641D0F10E0002CCFB2 /* stop2.png in Resources */ = {isa = PBXBuildFile; fileRef = BB2C63601D0F10E0002CCFB2 /* stop2.png */; };
		BB2C63651D0F10E0002CCFB2 /* stop1.png in Resources */ = {isa = PBXBuildFile; fileRef = BB2C63611D0F10E0002CCFB2 /* stop1.png */; };
		BB2C63661D0F10E0002CCFB2 /* stop2@2x.png in Resources */ = {isa = PBXBuildFile; fileRef = BB2C63621D0F10E0002CCFB2 /* stop2@2x.png */; };
		BB2C63671D0F10E0002CCFB2 /* stop1@2x.png in Resources */ = {isa = PBXBuildFile; fileRef = BB2C63631D0F10E0002CCFB2 /* stop1@2x.png */; };
		BB2C636A1D0F1247002CCFB2 /* play64@2x.png in Resources */ = {isa = PBXBuildFile; fileRef = BB2C63681D0F1247002CCFB2 /* play64@2x.png */; };
		BB2C636B1D0F1247002CCFB2 /* play64.png in Resources */ = {isa = PBXBuildFile; fileRef = BB2C63691D0F1247002CCFB2 /* play64.png */; };
		BB2C636E1D0F151F002CCFB2 /* pause64.png in Resources */ = {isa = PBXBuildFile; fileRef = BB2C636C1D0F151F002CCFB2 /* pause64.png */; };
		BB2C636F1D0F151F002CCFB2 /* pause64@2x.png in Resources */ = {isa = PBXBuildFile; fileRef = BB2C636D1D0F151F002CCFB2 /* pause64@2x.png */; };
		BB4FFC901D71E27F0045B4DF /* global_w.png in Resources */ = {isa = PBXBuildFile; fileRef = BB4FFC8F1D71E27F0045B4DF /* global_w.png */; };
		BB4FFC921D71E2860045B4DF /* global_w@2x.png in Resources */ = {isa = PBXBuildFile; fileRef = BB4FFC911D71E2860045B4DF /* global_w@2x.png */; };
		BB5509761D44931900E404A7 /* UserConfigManager.swift in Sources */ = {isa = PBXBuildFile; fileRef = BB5509751D44931900E404A7 /* UserConfigManager.swift */; };
		BB659A751D04ED3C005535FC /* AppError.swift in Sources */ = {isa = PBXBuildFile; fileRef = BB659A741D04ED3C005535FC /* AppError.swift */; };
		BB66AF8E1D076DE9007CA80A /* PlaylistViewController.swift in Sources */ = {isa = PBXBuildFile; fileRef = BB7855A01D03D75B00FB0914 /* PlaylistViewController.swift */; };
		BB66AF951D0BA120007CA80A /* solplayer_bg3.png in Resources */ = {isa = PBXBuildFile; fileRef = BB66AF941D0BA120007CA80A /* solplayer_bg3.png */; };
		BB66AF971D0BB879007CA80A /* SolPlayer.swift in Sources */ = {isa = PBXBuildFile; fileRef = BB66AF961D0BB879007CA80A /* SolPlayer.swift */; };
		BB66AF9B1D0C8E62007CA80A /* play40_0.png in Resources */ = {isa = PBXBuildFile; fileRef = BB66AF981D0C8E62007CA80A /* play40_0.png */; };
		BB66AF9C1D0C8E62007CA80A /* play40_0@2x.png in Resources */ = {isa = PBXBuildFile; fileRef = BB66AF991D0C8E62007CA80A /* play40_0@2x.png */; };
		BB66AF9D1D0C8E62007CA80A /* play40_0@3x.png in Resources */ = {isa = PBXBuildFile; fileRef = BB66AF9A1D0C8E62007CA80A /* play40_0@3x.png */; };
		BB66AFA01D0C8E7C007CA80A /* play60@2x.png in Resources */ = {isa = PBXBuildFile; fileRef = BB66AF9E1D0C8E7C007CA80A /* play60@2x.png */; };
		BB66AFA11D0C8E7C007CA80A /* play60@3x.png in Resources */ = {isa = PBXBuildFile; fileRef = BB66AF9F1D0C8E7C007CA80A /* play60@3x.png */; };
		BB66AFA31D0C8E87007CA80A /* play60.png in Resources */ = {isa = PBXBuildFile; fileRef = BB66AFA21D0C8E87007CA80A /* play60.png */; };
		BB69F6311D16DC6800B717F4 /* solSwitch1.png in Resources */ = {isa = PBXBuildFile; fileRef = BB69F6301D16DC6800B717F4 /* solSwitch1.png */; };
		BB69F6371D16DC7200B717F4 /* solSwitch1_on1.png in Resources */ = {isa = PBXBuildFile; fileRef = BB69F6321D16DC7200B717F4 /* solSwitch1_on1.png */; };
		BB69F6381D16DC7200B717F4 /* solSwitch1_on1@2x.png in Resources */ = {isa = PBXBuildFile; fileRef = BB69F6331D16DC7200B717F4 /* solSwitch1_on1@2x.png */; };
		BB69F6391D16DC7200B717F4 /* solSwitch1_on2.png in Resources */ = {isa = PBXBuildFile; fileRef = BB69F6341D16DC7200B717F4 /* solSwitch1_on2.png */; };
		BB69F63A1D16DC7200B717F4 /* solSwitch1_on2@2x.png in Resources */ = {isa = PBXBuildFile; fileRef = BB69F6351D16DC7200B717F4 /* solSwitch1_on2@2x.png */; };
		BB69F63B1D16DC7200B717F4 /* solSwitch1@2x.png in Resources */ = {isa = PBXBuildFile; fileRef = BB69F6361D16DC7200B717F4 /* solSwitch1@2x.png */; };
		BB6B85401D18A66B00816498 /* Playlist+CoreDataProperties.swift in Sources */ = {isa = PBXBuildFile; fileRef = BB6B853E1D18A66B00816498 /* Playlist+CoreDataProperties.swift */; };
		BB6B85411D18A66B00816498 /* Playlist.swift in Sources */ = {isa = PBXBuildFile; fileRef = BB6B853F1D18A66B00816498 /* Playlist.swift */; };
		BB6B85471D1B5ACA00816498 /* speeker.png in Resources */ = {isa = PBXBuildFile; fileRef = BB6B85451D1B5ACA00816498 /* speeker.png */; };
		BB6B85481D1B5ACA00816498 /* speeker@2x.png in Resources */ = {isa = PBXBuildFile; fileRef = BB6B85461D1B5ACA00816498 /* speeker@2x.png */; };
		BB6B854F1D1B5AF100816498 /* repeat_blue@2x.png in Resources */ = {isa = PBXBuildFile; fileRef = BB6B85491D1B5AF100816498 /* repeat_blue@2x.png */; };
		BB6B85501D1B5AF100816498 /* repeat.png in Resources */ = {isa = PBXBuildFile; fileRef = BB6B854A1D1B5AF100816498 /* repeat.png */; };
		BB6B85511D1B5AF100816498 /* repeat@2x.png in Resources */ = {isa = PBXBuildFile; fileRef = BB6B854B1D1B5AF100816498 /* repeat@2x.png */; };
		BB6B85521D1B5AF100816498 /* repeat2_blue.png in Resources */ = {isa = PBXBuildFile; fileRef = BB6B854C1D1B5AF100816498 /* repeat2_blue.png */; };
		BB6B85531D1B5AF100816498 /* repeat2.png in Resources */ = {isa = PBXBuildFile; fileRef = BB6B854D1D1B5AF100816498 /* repeat2.png */; };
		BB6B85541D1B5AF100816498 /* repeat2@2x.png in Resources */ = {isa = PBXBuildFile; fileRef = BB6B854E1D1B5AF100816498 /* repeat2@2x.png */; };
		BB6B85561D1B5B1E00816498 /* repeat_blue.png in Resources */ = {isa = PBXBuildFile; fileRef = BB6B85551D1B5B1E00816498 /* repeat_blue.png */; };
		BB6B85581D1B5B3900816498 /* repeat2_blue@2x.png in Resources */ = {isa = PBXBuildFile; fileRef = BB6B85571D1B5B3900816498 /* repeat2_blue@2x.png */; };
		BB6B855B1D1B5B5600816498 /* junk.png in Resources */ = {isa = PBXBuildFile; fileRef = BB6B85591D1B5B5600816498 /* junk.png */; };
		BB6B855C1D1B5B5600816498 /* junk@2x.png in Resources */ = {isa = PBXBuildFile; fileRef = BB6B855A1D1B5B5600816498 /* junk@2x.png */; };
		BB6B85621D1B5B6D00816498 /* download@2x.png in Resources */ = {isa = PBXBuildFile; fileRef = BB6B855E1D1B5B6D00816498 /* download@2x.png */; };
		BB6B85631D1B5B6D00816498 /* dustbox.png in Resources */ = {isa = PBXBuildFile; fileRef = BB6B855F1D1B5B6D00816498 /* dustbox.png */; };
		BB6B85641D1B5B6D00816498 /* dustbox@2x.png in Resources */ = {isa = PBXBuildFile; fileRef = BB6B85601D1B5B6D00816498 /* dustbox@2x.png */; };
		BB6B85661D1B5B8500816498 /* download.png in Resources */ = {isa = PBXBuildFile; fileRef = BB6B85651D1B5B8500816498 /* download.png */; };
		BB7855A31D03F61200FB0914 /* Song2.swift in Sources */ = {isa = PBXBuildFile; fileRef = BB7855A21D03F61200FB0914 /* Song2.swift */; };
		BB7DA6741CFD055000A5A706 /* UserConfigViewController.swift in Sources */ = {isa = PBXBuildFile; fileRef = BB7DA6731CFD055000A5A706 /* UserConfigViewController.swift */; };
		BB83E2181D28AB7A00921085 /* DataMigration4to7Policy.swift in Sources */ = {isa = PBXBuildFile; fileRef = BB83E2171D28AB7A00921085 /* DataMigration4to7Policy.swift */; };
		BB9FC60F1D1E28C6004CB9F4 /* ImageUtil.swift in Sources */ = {isa = PBXBuildFile; fileRef = BB9FC60E1D1E28C6004CB9F4 /* ImageUtil.swift */; };
		BBACEA141D0CEA4600CC07C4 /* play40.png in Resources */ = {isa = PBXBuildFile; fileRef = BBACEA131D0CEA4600CC07C4 /* play40.png */; };
		BBACEA161D0CEA4F00CC07C4 /* play40@2x.png in Resources */ = {isa = PBXBuildFile; fileRef = BBACEA151D0CEA4F00CC07C4 /* play40@2x.png */; };
		BBACEA181D0CEA5700CC07C4 /* play40@3x.png in Resources */ = {isa = PBXBuildFile; fileRef = BBACEA171D0CEA5700CC07C4 /* play40@3x.png */; };
		BBACEA1A1D0CEE4500CC07C4 /* SolPlayer_bg4-3.png in Resources */ = {isa = PBXBuildFile; fileRef = BBACEA191D0CEE4500CC07C4 /* SolPlayer_bg4-3.png */; };
		BBBA1C751D0D308800AF09DD /* nextsong@2x.png in Resources */ = {isa = PBXBuildFile; fileRef = BBBA1C701D0D308800AF09DD /* nextsong@2x.png */; };
		BBBA1C761D0D308800AF09DD /* prevsong@2x.png in Resources */ = {isa = PBXBuildFile; fileRef = BBBA1C711D0D308800AF09DD /* prevsong@2x.png */; };
		BBBA1C771D0D308800AF09DD /* setting_white@2x.png in Resources */ = {isa = PBXBuildFile; fileRef = BBBA1C721D0D308800AF09DD /* setting_white@2x.png */; };
		BBBA1C781D0D308800AF09DD /* playlist_white@2x.png in Resources */ = {isa = PBXBuildFile; fileRef = BBBA1C731D0D308800AF09DD /* playlist_white@2x.png */; };
		BBBA1C791D0D308800AF09DD /* play_white@2x.png in Resources */ = {isa = PBXBuildFile; fileRef = BBBA1C741D0D308800AF09DD /* play_white@2x.png */; };
		BBBA1C7F1D0D352B00AF09DD /* nextsong.png in Resources */ = {isa = PBXBuildFile; fileRef = BBBA1C7A1D0D352B00AF09DD /* nextsong.png */; };
		BBBA1C801D0D352B00AF09DD /* play_white.png in Resources */ = {isa = PBXBuildFile; fileRef = BBBA1C7B1D0D352B00AF09DD /* play_white.png */; };
		BBBA1C811D0D352B00AF09DD /* playlist_white.png in Resources */ = {isa = PBXBuildFile; fileRef = BBBA1C7C1D0D352B00AF09DD /* playlist_white.png */; };
		BBBA1C821D0D352B00AF09DD /* prevsong_white.png in Resources */ = {isa = PBXBuildFile; fileRef = BBBA1C7D1D0D352B00AF09DD /* prevsong_white.png */; };
		BBBA1C831D0D352B00AF09DD /* setting_white.png in Resources */ = {isa = PBXBuildFile; fileRef = BBBA1C7E1D0D352B00AF09DD /* setting_white.png */; };
		BBBA1C891D0D3C3C00AF09DD /* prevsong.png in Resources */ = {isa = PBXBuildFile; fileRef = BBBA1C881D0D3C3C00AF09DD /* prevsong.png */; };
		BBC6329C1CFB2AD3006407C9 /* AppDelegate.swift in Sources */ = {isa = PBXBuildFile; fileRef = BBC6329B1CFB2AD3006407C9 /* AppDelegate.swift */; };
		BBC6329E1CFB2AD3006407C9 /* ViewController.swift in Sources */ = {isa = PBXBuildFile; fileRef = BBC6329D1CFB2AD3006407C9 /* ViewController.swift */; };
		BBC632A11CFB2AD3006407C9 /* Main.storyboard in Resources */ = {isa = PBXBuildFile; fileRef = BBC6329F1CFB2AD3006407C9 /* Main.storyboard */; settings = {ASSET_TAGS = (aa, ); }; };
		BBC632A31CFB2AD3006407C9 /* Assets.xcassets in Resources */ = {isa = PBXBuildFile; fileRef = BBC632A21CFB2AD3006407C9 /* Assets.xcassets */; };
		BBC632A61CFB2AD3006407C9 /* LaunchScreen.storyboard in Resources */ = {isa = PBXBuildFile; fileRef = BBC632A41CFB2AD3006407C9 /* LaunchScreen.storyboard */; };
		BBC632B11CFB2AD3006407C9 /* SolPlayerTests.swift in Sources */ = {isa = PBXBuildFile; fileRef = BBC632B01CFB2AD3006407C9 /* SolPlayerTests.swift */; };
		BBC632BC1CFB2AD3006407C9 /* SolPlayerUITests.swift in Sources */ = {isa = PBXBuildFile; fileRef = BBC632BB1CFB2AD3006407C9 /* SolPlayerUITests.swift */; };
		BBC632CA1CFB3654006407C9 /* BGM.mp3 in Resources */ = {isa = PBXBuildFile; fileRef = BBC632C91CFB3654006407C9 /* BGM.mp3 */; };
		BBF5C2B21D164C2F00DE7CBA /* SongModel.xcdatamodeld in Sources */ = {isa = PBXBuildFile; fileRef = BBF5C2B01D164C2F00DE7CBA /* SongModel.xcdatamodeld */; };
		BBF5C2B51D164D9F00DE7CBA /* Song+CoreDataProperties.swift in Sources */ = {isa = PBXBuildFile; fileRef = BBF5C2B31D164D9F00DE7CBA /* Song+CoreDataProperties.swift */; };
		BBF5C2B61D164D9F00DE7CBA /* Song.swift in Sources */ = {isa = PBXBuildFile; fileRef = BBF5C2B41D164D9F00DE7CBA /* Song.swift */; };
/* End PBXBuildFile section */

/* Begin PBXContainerItemProxy section */
		BBC632AD1CFB2AD3006407C9 /* PBXContainerItemProxy */ = {
			isa = PBXContainerItemProxy;
			containerPortal = BBC632901CFB2AD3006407C9 /* Project object */;
			proxyType = 1;
			remoteGlobalIDString = BBC632971CFB2AD3006407C9;
			remoteInfo = SolPlayer;
		};
		BBC632B81CFB2AD3006407C9 /* PBXContainerItemProxy */ = {
			isa = PBXContainerItemProxy;
			containerPortal = BBC632901CFB2AD3006407C9 /* Project object */;
			proxyType = 1;
			remoteGlobalIDString = BBC632971CFB2AD3006407C9;
			remoteInfo = SolPlayer;
		};
/* End PBXContainerItemProxy section */

/* Begin PBXCopyFilesBuildPhase section */
		BB4FFCB81D72CA6B0045B4DF /* Embed Frameworks */ = {
			isa = PBXCopyFilesBuildPhase;
			buildActionMask = 2147483647;
			dstPath = "";
			dstSubfolderSpec = 10;
			files = (
			);
			name = "Embed Frameworks";
			runOnlyForDeploymentPostprocessing = 0;
		};
/* End PBXCopyFilesBuildPhase section */

/* Begin PBXFileReference section */
		6E1EAB3D2D1087D600D51F31 /* .gitignore */ = {isa = PBXFileReference; lastKnownFileType = text; path = .gitignore; sourceTree = "<group>"; };
		BB22FF7B1D330F2A00810BA5 /* CustomButton.swift */ = {isa = PBXFileReference; fileEncoding = 4; lastKnownFileType = sourcecode.swift; path = CustomButton.swift; sourceTree = "<group>"; };
		BB2C635C1D0F0ECB002CCFB2 /* pause_white.png */ = {isa = PBXFileReference; lastKnownFileType = image.png; path = pause_white.png; sourceTree = "<group>"; };
		BB2C635E1D0F0ED8002CCFB2 /* pause_white@2x.png */ = {isa = PBXFileReference; lastKnownFileType = image.png; path = "pause_white@2x.png"; sourceTree = "<group>"; };
		BB2C63601D0F10E0002CCFB2 /* stop2.png */ = {isa = PBXFileReference; lastKnownFileType = image.png; path = stop2.png; sourceTree = "<group>"; };
		BB2C63611D0F10E0002CCFB2 /* stop1.png */ = {isa = PBXFileReference; lastKnownFileType = image.png; path = stop1.png; sourceTree = "<group>"; };
		BB2C63621D0F10E0002CCFB2 /* stop2@2x.png */ = {isa = PBXFileReference; lastKnownFileType = image.png; path = "stop2@2x.png"; sourceTree = "<group>"; };
		BB2C63631D0F10E0002CCFB2 /* stop1@2x.png */ = {isa = PBXFileReference; lastKnownFileType = image.png; path = "stop1@2x.png"; sourceTree = "<group>"; };
		BB2C63681D0F1247002CCFB2 /* play64@2x.png */ = {isa = PBXFileReference; lastKnownFileType = image.png; path = "play64@2x.png"; sourceTree = "<group>"; };
		BB2C63691D0F1247002CCFB2 /* play64.png */ = {isa = PBXFileReference; lastKnownFileType = image.png; path = play64.png; sourceTree = "<group>"; };
		BB2C636C1D0F151F002CCFB2 /* pause64.png */ = {isa = PBXFileReference; lastKnownFileType = image.png; path = pause64.png; sourceTree = "<group>"; };
		BB2C636D1D0F151F002CCFB2 /* pause64@2x.png */ = {isa = PBXFileReference; lastKnownFileType = image.png; path = "pause64@2x.png"; sourceTree = "<group>"; };
		BB4FFC8D1D71DA550045B4DF /* WebPlayViewController.swift */ = {isa = PBXFileReference; fileEncoding = 4; lastKnownFileType = sourcecode.swift; path = WebPlayViewController.swift; sourceTree = "<group>"; };
		BB4FFC8F1D71E27F0045B4DF /* global_w.png */ = {isa = PBXFileReference; lastKnownFileType = image.png; path = global_w.png; sourceTree = "<group>"; };
		BB4FFC911D71E2860045B4DF /* global_w@2x.png */ = {isa = PBXFileReference; lastKnownFileType = image.png; path = "global_w@2x.png"; sourceTree = "<group>"; };
		BB5509751D44931900E404A7 /* UserConfigManager.swift */ = {isa = PBXFileReference; fileEncoding = 4; lastKnownFileType = sourcecode.swift; path = UserConfigManager.swift; sourceTree = "<group>"; };
		BB659A741D04ED3C005535FC /* AppError.swift */ = {isa = PBXFileReference; fileEncoding = 4; lastKnownFileType = sourcecode.swift; path = AppError.swift; sourceTree = "<group>"; };
		BB66AF8F1D087ACA007CA80A /* ja */ = {isa = PBXFileReference; lastKnownFileType = text.plist.strings; name = ja; path = ja.lproj/Main.strings; sourceTree = "<group>"; };
		BB66AF901D087ACA007CA80A /* ja */ = {isa = PBXFileReference; lastKnownFileType = text.plist.strings; name = ja; path = ja.lproj/LaunchScreen.strings; sourceTree = "<group>"; };
		BB66AF941D0BA120007CA80A /* solplayer_bg3.png */ = {isa = PBXFileReference; lastKnownFileType = image.png; path = solplayer_bg3.png; sourceTree = "<group>"; };
		BB66AF961D0BB879007CA80A /* SolPlayer.swift */ = {isa = PBXFileReference; fileEncoding = 4; lastKnownFileType = sourcecode.swift; path = SolPlayer.swift; sourceTree = "<group>"; };
		BB66AF981D0C8E62007CA80A /* play40_0.png */ = {isa = PBXFileReference; lastKnownFileType = image.png; path = play40_0.png; sourceTree = "<group>"; };
		BB66AF991D0C8E62007CA80A /* play40_0@2x.png */ = {isa = PBXFileReference; lastKnownFileType = image.png; path = "play40_0@2x.png"; sourceTree = "<group>"; };
		BB66AF9A1D0C8E62007CA80A /* play40_0@3x.png */ = {isa = PBXFileReference; lastKnownFileType = image.png; path = "play40_0@3x.png"; sourceTree = "<group>"; };
		BB66AF9E1D0C8E7C007CA80A /* play60@2x.png */ = {isa = PBXFileReference; lastKnownFileType = image.png; path = "play60@2x.png"; sourceTree = "<group>"; };
		BB66AF9F1D0C8E7C007CA80A /* play60@3x.png */ = {isa = PBXFileReference; lastKnownFileType = image.png; path = "play60@3x.png"; sourceTree = "<group>"; };
		BB66AFA21D0C8E87007CA80A /* play60.png */ = {isa = PBXFileReference; lastKnownFileType = image.png; path = play60.png; sourceTree = "<group>"; };
		BB69F6301D16DC6800B717F4 /* solSwitch1.png */ = {isa = PBXFileReference; lastKnownFileType = image.png; path = solSwitch1.png; sourceTree = "<group>"; };
		BB69F6321D16DC7200B717F4 /* solSwitch1_on1.png */ = {isa = PBXFileReference; lastKnownFileType = image.png; path = solSwitch1_on1.png; sourceTree = "<group>"; };
		BB69F6331D16DC7200B717F4 /* solSwitch1_on1@2x.png */ = {isa = PBXFileReference; lastKnownFileType = image.png; path = "solSwitch1_on1@2x.png"; sourceTree = "<group>"; };
		BB69F6341D16DC7200B717F4 /* solSwitch1_on2.png */ = {isa = PBXFileReference; lastKnownFileType = image.png; path = solSwitch1_on2.png; sourceTree = "<group>"; };
		BB69F6351D16DC7200B717F4 /* solSwitch1_on2@2x.png */ = {isa = PBXFileReference; lastKnownFileType = image.png; path = "solSwitch1_on2@2x.png"; sourceTree = "<group>"; };
		BB69F6361D16DC7200B717F4 /* solSwitch1@2x.png */ = {isa = PBXFileReference; lastKnownFileType = image.png; path = "solSwitch1@2x.png"; sourceTree = "<group>"; };
		BB6B853E1D18A66B00816498 /* Playlist+CoreDataProperties.swift */ = {isa = PBXFileReference; fileEncoding = 4; lastKnownFileType = sourcecode.swift; path = "Playlist+CoreDataProperties.swift"; sourceTree = "<group>"; };
		BB6B853F1D18A66B00816498 /* Playlist.swift */ = {isa = PBXFileReference; fileEncoding = 4; lastKnownFileType = sourcecode.swift; path = Playlist.swift; sourceTree = "<group>"; };
		BB6B85421D1971B500816498 /* SongModel 2.xcdatamodel */ = {isa = PBXFileReference; explicitFileType = wrapper.xcdatamodel; path = "SongModel 2.xcdatamodel"; sourceTree = "<group>"; };
		BB6B85431D19F5A200816498 /* SongModel 3.xcdatamodel */ = {isa = PBXFileReference; lastKnownFileType = wrapper.xcdatamodel; path = "SongModel 3.xcdatamodel"; sourceTree = "<group>"; };
		BB6B85441D1B57BD00816498 /* SongModel 4.xcdatamodel */ = {isa = PBXFileReference; lastKnownFileType = wrapper.xcdatamodel; path = "SongModel 4.xcdatamodel"; sourceTree = "<group>"; };
		BB6B85451D1B5ACA00816498 /* speeker.png */ = {isa = PBXFileReference; lastKnownFileType = image.png; path = speeker.png; sourceTree = "<group>"; };
		BB6B85461D1B5ACA00816498 /* speeker@2x.png */ = {isa = PBXFileReference; lastKnownFileType = image.png; path = "speeker@2x.png"; sourceTree = "<group>"; };
		BB6B85491D1B5AF100816498 /* repeat_blue@2x.png */ = {isa = PBXFileReference; lastKnownFileType = image.png; path = "repeat_blue@2x.png"; sourceTree = "<group>"; };
		BB6B854A1D1B5AF100816498 /* repeat.png */ = {isa = PBXFileReference; lastKnownFileType = image.png; path = repeat.png; sourceTree = "<group>"; };
		BB6B854B1D1B5AF100816498 /* repeat@2x.png */ = {isa = PBXFileReference; lastKnownFileType = image.png; path = "repeat@2x.png"; sourceTree = "<group>"; };
		BB6B854C1D1B5AF100816498 /* repeat2_blue.png */ = {isa = PBXFileReference; lastKnownFileType = image.png; path = repeat2_blue.png; sourceTree = "<group>"; };
		BB6B854D1D1B5AF100816498 /* repeat2.png */ = {isa = PBXFileReference; lastKnownFileType = image.png; path = repeat2.png; sourceTree = "<group>"; };
		BB6B854E1D1B5AF100816498 /* repeat2@2x.png */ = {isa = PBXFileReference; lastKnownFileType = image.png; path = "repeat2@2x.png"; sourceTree = "<group>"; };
		BB6B85551D1B5B1E00816498 /* repeat_blue.png */ = {isa = PBXFileReference; lastKnownFileType = image.png; path = repeat_blue.png; sourceTree = "<group>"; };
		BB6B85571D1B5B3900816498 /* repeat2_blue@2x.png */ = {isa = PBXFileReference; lastKnownFileType = image.png; path = "repeat2_blue@2x.png"; sourceTree = "<group>"; };
		BB6B85591D1B5B5600816498 /* junk.png */ = {isa = PBXFileReference; lastKnownFileType = image.png; path = junk.png; sourceTree = "<group>"; };
		BB6B855A1D1B5B5600816498 /* junk@2x.png */ = {isa = PBXFileReference; lastKnownFileType = image.png; path = "junk@2x.png"; sourceTree = "<group>"; };
		BB6B855E1D1B5B6D00816498 /* download@2x.png */ = {isa = PBXFileReference; lastKnownFileType = image.png; path = "download@2x.png"; sourceTree = "<group>"; };
		BB6B855F1D1B5B6D00816498 /* dustbox.png */ = {isa = PBXFileReference; lastKnownFileType = image.png; path = dustbox.png; sourceTree = "<group>"; };
		BB6B85601D1B5B6D00816498 /* dustbox@2x.png */ = {isa = PBXFileReference; lastKnownFileType = image.png; path = "dustbox@2x.png"; sourceTree = "<group>"; };
		BB6B85651D1B5B8500816498 /* download.png */ = {isa = PBXFileReference; lastKnownFileType = image.png; path = download.png; sourceTree = "<group>"; };
		BB6B85671D1C4A3700816498 /* SongModel 5.xcdatamodel */ = {isa = PBXFileReference; lastKnownFileType = wrapper.xcdatamodel; path = "SongModel 5.xcdatamodel"; sourceTree = "<group>"; };
		BB7855A01D03D75B00FB0914 /* PlaylistViewController.swift */ = {isa = PBXFileReference; fileEncoding = 4; lastKnownFileType = sourcecode.swift; path = PlaylistViewController.swift; sourceTree = "<group>"; };
		BB7855A21D03F61200FB0914 /* Song2.swift */ = {isa = PBXFileReference; fileEncoding = 4; lastKnownFileType = sourcecode.swift; path = Song2.swift; sourceTree = "<group>"; };
		BB7D745E1D27FC6F002D7A3D /* SongModel 6.xcdatamodel */ = {isa = PBXFileReference; explicitFileType = wrapper.xcdatamodel; path = "SongModel 6.xcdatamodel"; sourceTree = "<group>"; };
		BB7D745F1D28A21B002D7A3D /* SongModel 7.xcdatamodel */ = {isa = PBXFileReference; lastKnownFileType = wrapper.xcdatamodel; path = "SongModel 7.xcdatamodel"; sourceTree = "<group>"; };
		BB7DA6731CFD055000A5A706 /* UserConfigViewController.swift */ = {isa = PBXFileReference; fileEncoding = 4; lastKnownFileType = sourcecode.swift; path = UserConfigViewController.swift; sourceTree = "<group>"; };
		BB7DFDD91D88C1AD00E6BF20 /* SolPlayer-Bridging-Header.h */ = {isa = PBXFileReference; lastKnownFileType = sourcecode.c.h; path = "SolPlayer-Bridging-Header.h"; sourceTree = "<group>"; };
		BB83E2171D28AB7A00921085 /* DataMigration4to7Policy.swift */ = {isa = PBXFileReference; fileEncoding = 4; lastKnownFileType = sourcecode.swift; path = DataMigration4to7Policy.swift; sourceTree = "<group>"; };
		BB9FC60E1D1E28C6004CB9F4 /* ImageUtil.swift */ = {isa = PBXFileReference; fileEncoding = 4; lastKnownFileType = sourcecode.swift; path = ImageUtil.swift; sourceTree = "<group>"; };
		BBACEA131D0CEA4600CC07C4 /* play40.png */ = {isa = PBXFileReference; lastKnownFileType = image.png; path = play40.png; sourceTree = "<group>"; };
		BBACEA151D0CEA4F00CC07C4 /* play40@2x.png */ = {isa = PBXFileReference; lastKnownFileType = image.png; path = "play40@2x.png"; sourceTree = "<group>"; };
		BBACEA171D0CEA5700CC07C4 /* play40@3x.png */ = {isa = PBXFileReference; lastKnownFileType = image.png; path = "play40@3x.png"; sourceTree = "<group>"; };
		BBACEA191D0CEE4500CC07C4 /* SolPlayer_bg4-3.png */ = {isa = PBXFileReference; lastKnownFileType = image.png; path = "SolPlayer_bg4-3.png"; sourceTree = "<group>"; };
		BBBA1C701D0D308800AF09DD /* nextsong@2x.png */ = {isa = PBXFileReference; lastKnownFileType = image.png; path = "nextsong@2x.png"; sourceTree = "<group>"; };
		BBBA1C711D0D308800AF09DD /* prevsong@2x.png */ = {isa = PBXFileReference; lastKnownFileType = image.png; path = "prevsong@2x.png"; sourceTree = "<group>"; };
		BBBA1C721D0D308800AF09DD /* setting_white@2x.png */ = {isa = PBXFileReference; lastKnownFileType = image.png; path = "setting_white@2x.png"; sourceTree = "<group>"; };
		BBBA1C731D0D308800AF09DD /* playlist_white@2x.png */ = {isa = PBXFileReference; lastKnownFileType = image.png; path = "playlist_white@2x.png"; sourceTree = "<group>"; };
		BBBA1C741D0D308800AF09DD /* play_white@2x.png */ = {isa = PBXFileReference; lastKnownFileType = image.png; path = "play_white@2x.png"; sourceTree = "<group>"; };
		BBBA1C7A1D0D352B00AF09DD /* nextsong.png */ = {isa = PBXFileReference; lastKnownFileType = image.png; path = nextsong.png; sourceTree = "<group>"; };
		BBBA1C7B1D0D352B00AF09DD /* play_white.png */ = {isa = PBXFileReference; lastKnownFileType = image.png; path = play_white.png; sourceTree = "<group>"; };
		BBBA1C7C1D0D352B00AF09DD /* playlist_white.png */ = {isa = PBXFileReference; lastKnownFileType = image.png; path = playlist_white.png; sourceTree = "<group>"; };
		BBBA1C7D1D0D352B00AF09DD /* prevsong_white.png */ = {isa = PBXFileReference; lastKnownFileType = image.png; path = prevsong_white.png; sourceTree = "<group>"; };
		BBBA1C7E1D0D352B00AF09DD /* setting_white.png */ = {isa = PBXFileReference; lastKnownFileType = image.png; path = setting_white.png; sourceTree = "<group>"; };
		BBBA1C881D0D3C3C00AF09DD /* prevsong.png */ = {isa = PBXFileReference; lastKnownFileType = image.png; path = prevsong.png; sourceTree = "<group>"; };
		BBC632981CFB2AD3006407C9 /* SolPlayer.app */ = {isa = PBXFileReference; explicitFileType = wrapper.application; includeInIndex = 0; path = SolPlayer.app; sourceTree = BUILT_PRODUCTS_DIR; };
		BBC6329B1CFB2AD3006407C9 /* AppDelegate.swift */ = {isa = PBXFileReference; lastKnownFileType = sourcecode.swift; path = AppDelegate.swift; sourceTree = "<group>"; };
		BBC6329D1CFB2AD3006407C9 /* ViewController.swift */ = {isa = PBXFileReference; lastKnownFileType = sourcecode.swift; path = ViewController.swift; sourceTree = "<group>"; };
		BBC632A01CFB2AD3006407C9 /* Base */ = {isa = PBXFileReference; lastKnownFileType = file.storyboard; name = Base; path = Base.lproj/Main.storyboard; sourceTree = "<group>"; };
		BBC632A21CFB2AD3006407C9 /* Assets.xcassets */ = {isa = PBXFileReference; lastKnownFileType = folder.assetcatalog; path = Assets.xcassets; sourceTree = "<group>"; };
		BBC632A51CFB2AD3006407C9 /* Base */ = {isa = PBXFileReference; lastKnownFileType = file.storyboard; name = Base; path = Base.lproj/LaunchScreen.storyboard; sourceTree = "<group>"; };
		BBC632A71CFB2AD3006407C9 /* Info.plist */ = {isa = PBXFileReference; lastKnownFileType = text.plist.xml; path = Info.plist; sourceTree = "<group>"; };
		BBC632AC1CFB2AD3006407C9 /* SolPlayerTests.xctest */ = {isa = PBXFileReference; explicitFileType = wrapper.cfbundle; includeInIndex = 0; path = SolPlayerTests.xctest; sourceTree = BUILT_PRODUCTS_DIR; };
		BBC632B01CFB2AD3006407C9 /* SolPlayerTests.swift */ = {isa = PBXFileReference; lastKnownFileType = sourcecode.swift; path = SolPlayerTests.swift; sourceTree = "<group>"; };
		BBC632B21CFB2AD3006407C9 /* Info.plist */ = {isa = PBXFileReference; lastKnownFileType = text.plist.xml; path = Info.plist; sourceTree = "<group>"; };
		BBC632B71CFB2AD3006407C9 /* SolPlayerUITests.xctest */ = {isa = PBXFileReference; explicitFileType = wrapper.cfbundle; includeInIndex = 0; path = SolPlayerUITests.xctest; sourceTree = BUILT_PRODUCTS_DIR; };
		BBC632BB1CFB2AD3006407C9 /* SolPlayerUITests.swift */ = {isa = PBXFileReference; lastKnownFileType = sourcecode.swift; path = SolPlayerUITests.swift; sourceTree = "<group>"; };
		BBC632BD1CFB2AD3006407C9 /* Info.plist */ = {isa = PBXFileReference; lastKnownFileType = text.plist.xml; path = Info.plist; sourceTree = "<group>"; };
		BBC632C91CFB3654006407C9 /* BGM.mp3 */ = {isa = PBXFileReference; lastKnownFileType = audio.mp3; path = BGM.mp3; sourceTree = "<group>"; };
		BBE075861D4BECEC0091973B /* SongModel 8.xcdatamodel */ = {isa = PBXFileReference; lastKnownFileType = wrapper.xcdatamodel; path = "SongModel 8.xcdatamodel"; sourceTree = "<group>"; };
		BBF5C2B11D164C2F00DE7CBA /* SongModel.xcdatamodel */ = {isa = PBXFileReference; explicitFileType = wrapper.xcdatamodel; path = SongModel.xcdatamodel; sourceTree = "<group>"; };
		BBF5C2B31D164D9F00DE7CBA /* Song+CoreDataProperties.swift */ = {isa = PBXFileReference; fileEncoding = 4; lastKnownFileType = sourcecode.swift; path = "Song+CoreDataProperties.swift"; sourceTree = "<group>"; };
		BBF5C2B41D164D9F00DE7CBA /* Song.swift */ = {isa = PBXFileReference; fileEncoding = 4; lastKnownFileType = sourcecode.swift; path = Song.swift; sourceTree = "<group>"; };
/* End PBXFileReference section */

/* Begin PBXFrameworksBuildPhase section */
		BBC632951CFB2AD3006407C9 /* Frameworks */ = {
			isa = PBXFrameworksBuildPhase;
			buildActionMask = 2147483647;
			files = (
			);
			runOnlyForDeploymentPostprocessing = 0;
		};
		BBC632A91CFB2AD3006407C9 /* Frameworks */ = {
			isa = PBXFrameworksBuildPhase;
			buildActionMask = 2147483647;
			files = (
			);
			runOnlyForDeploymentPostprocessing = 0;
		};
		BBC632B41CFB2AD3006407C9 /* Frameworks */ = {
			isa = PBXFrameworksBuildPhase;
			buildActionMask = 2147483647;
			files = (
			);
			runOnlyForDeploymentPostprocessing = 0;
		};
/* End PBXFrameworksBuildPhase section */

/* Begin PBXGroup section */
		BB66AF911D0BA009007CA80A /* images */ = {
			isa = PBXGroup;
			children = (
				BB69F6301D16DC6800B717F4 /* solSwitch1.png */,
				BB69F6321D16DC7200B717F4 /* solSwitch1_on1.png */,
				BB69F6331D16DC7200B717F4 /* solSwitch1_on1@2x.png */,
				BB69F6341D16DC7200B717F4 /* solSwitch1_on2.png */,
				BB69F6351D16DC7200B717F4 /* solSwitch1_on2@2x.png */,
				BB6B85651D1B5B8500816498 /* download.png */,
				BB6B855E1D1B5B6D00816498 /* download@2x.png */,
				BB6B855F1D1B5B6D00816498 /* dustbox.png */,
				BB6B85601D1B5B6D00816498 /* dustbox@2x.png */,
				BB6B85451D1B5ACA00816498 /* speeker.png */,
				BB6B85461D1B5ACA00816498 /* speeker@2x.png */,
				BB6B85551D1B5B1E00816498 /* repeat_blue.png */,
				BB6B85491D1B5AF100816498 /* repeat_blue@2x.png */,
				BB6B85591D1B5B5600816498 /* junk.png */,
				BB6B855A1D1B5B5600816498 /* junk@2x.png */,
				BB6B854A1D1B5AF100816498 /* repeat.png */,
				BB6B854B1D1B5AF100816498 /* repeat@2x.png */,
				BB6B854C1D1B5AF100816498 /* repeat2_blue.png */,
				BB6B85571D1B5B3900816498 /* repeat2_blue@2x.png */,
				BB6B854D1D1B5AF100816498 /* repeat2.png */,
				BB6B854E1D1B5AF100816498 /* repeat2@2x.png */,
				BB69F6361D16DC7200B717F4 /* solSwitch1@2x.png */,
				BB2C636C1D0F151F002CCFB2 /* pause64.png */,
				BB2C636D1D0F151F002CCFB2 /* pause64@2x.png */,
				BB2C63681D0F1247002CCFB2 /* play64@2x.png */,
				BB2C63691D0F1247002CCFB2 /* play64.png */,
				BB2C63601D0F10E0002CCFB2 /* stop2.png */,
				BB2C63611D0F10E0002CCFB2 /* stop1.png */,
				BB2C63621D0F10E0002CCFB2 /* stop2@2x.png */,
				BB2C63631D0F10E0002CCFB2 /* stop1@2x.png */,
				BB4FFC8F1D71E27F0045B4DF /* global_w.png */,
				BB4FFC911D71E2860045B4DF /* global_w@2x.png */,
				BBBA1C7B1D0D352B00AF09DD /* play_white.png */,
				BBBA1C7C1D0D352B00AF09DD /* playlist_white.png */,
				BB2C635C1D0F0ECB002CCFB2 /* pause_white.png */,
				BB2C635E1D0F0ED8002CCFB2 /* pause_white@2x.png */,
				BBBA1C7D1D0D352B00AF09DD /* prevsong_white.png */,
				BBBA1C7E1D0D352B00AF09DD /* setting_white.png */,
				BBBA1C7A1D0D352B00AF09DD /* nextsong.png */,
				BBBA1C701D0D308800AF09DD /* nextsong@2x.png */,
				BBBA1C881D0D3C3C00AF09DD /* prevsong.png */,
				BBBA1C711D0D308800AF09DD /* prevsong@2x.png */,
				BBBA1C721D0D308800AF09DD /* setting_white@2x.png */,
				BBBA1C731D0D308800AF09DD /* playlist_white@2x.png */,
				BBBA1C741D0D308800AF09DD /* play_white@2x.png */,
				BBACEA191D0CEE4500CC07C4 /* SolPlayer_bg4-3.png */,
				BB66AFA21D0C8E87007CA80A /* play60.png */,
				BB66AF9E1D0C8E7C007CA80A /* play60@2x.png */,
				BB66AF9F1D0C8E7C007CA80A /* play60@3x.png */,
				BB66AF981D0C8E62007CA80A /* play40_0.png */,
				BBACEA131D0CEA4600CC07C4 /* play40.png */,
				BBACEA151D0CEA4F00CC07C4 /* play40@2x.png */,
				BBACEA171D0CEA5700CC07C4 /* play40@3x.png */,
				BB66AF991D0C8E62007CA80A /* play40_0@2x.png */,
				BB66AF9A1D0C8E62007CA80A /* play40_0@3x.png */,
				BB66AF941D0BA120007CA80A /* solplayer_bg3.png */,
			);
			name = images;
			sourceTree = "<group>";
		};
		BBC6328F1CFB2AD3006407C9 = {
			isa = PBXGroup;
			children = (
				6E1EAB3D2D1087D600D51F31 /* .gitignore */,
				BB6B853E1D18A66B00816498 /* Playlist+CoreDataProperties.swift */,
				BB6B853F1D18A66B00816498 /* Playlist.swift */,
				BBF5C2B31D164D9F00DE7CBA /* Song+CoreDataProperties.swift */,
				BBF5C2B41D164D9F00DE7CBA /* Song.swift */,
				BB83E2171D28AB7A00921085 /* DataMigration4to7Policy.swift */,
				BBF5C2B01D164C2F00DE7CBA /* SongModel.xcdatamodeld */,
				BBC6329A1CFB2AD3006407C9 /* SolPlayer */,
				BBC632AF1CFB2AD3006407C9 /* SolPlayerTests */,
				BBC632BA1CFB2AD3006407C9 /* SolPlayerUITests */,
				BBC632991CFB2AD3006407C9 /* Products */,
			);
			sourceTree = "<group>";
		};
		BBC632991CFB2AD3006407C9 /* Products */ = {
			isa = PBXGroup;
			children = (
				BBC632981CFB2AD3006407C9 /* SolPlayer.app */,
				BBC632AC1CFB2AD3006407C9 /* SolPlayerTests.xctest */,
				BBC632B71CFB2AD3006407C9 /* SolPlayerUITests.xctest */,
			);
			name = Products;
			sourceTree = "<group>";
		};
		BBC6329A1CFB2AD3006407C9 /* SolPlayer */ = {
			isa = PBXGroup;
			children = (
				BBC6329B1CFB2AD3006407C9 /* AppDelegate.swift */,
				BB66AF961D0BB879007CA80A /* SolPlayer.swift */,
				BB66AF911D0BA009007CA80A /* images */,
				BBC6329D1CFB2AD3006407C9 /* ViewController.swift */,
				BB9FC60E1D1E28C6004CB9F4 /* ImageUtil.swift */,
				BB7855A21D03F61200FB0914 /* Song2.swift */,
				BB659A741D04ED3C005535FC /* AppError.swift */,
				BBC6329F1CFB2AD3006407C9 /* Main.storyboard */,
				BB4FFC8D1D71DA550045B4DF /* WebPlayViewController.swift */,
				BB22FF7B1D330F2A00810BA5 /* CustomButton.swift */,
				BB7855A01D03D75B00FB0914 /* PlaylistViewController.swift */,
				BB7DA6731CFD055000A5A706 /* UserConfigViewController.swift */,
				BBC632A21CFB2AD3006407C9 /* Assets.xcassets */,
				BBC632C91CFB3654006407C9 /* BGM.mp3 */,
				BBC632A41CFB2AD3006407C9 /* LaunchScreen.storyboard */,
				BBC632A71CFB2AD3006407C9 /* Info.plist */,
				BB5509751D44931900E404A7 /* UserConfigManager.swift */,
				BB7DFDD91D88C1AD00E6BF20 /* SolPlayer-Bridging-Header.h */,
			);
			path = SolPlayer;
			sourceTree = "<group>";
		};
		BBC632AF1CFB2AD3006407C9 /* SolPlayerTests */ = {
			isa = PBXGroup;
			children = (
				BBC632B01CFB2AD3006407C9 /* SolPlayerTests.swift */,
				BBC632B21CFB2AD3006407C9 /* Info.plist */,
			);
			path = SolPlayerTests;
			sourceTree = "<group>";
		};
		BBC632BA1CFB2AD3006407C9 /* SolPlayerUITests */ = {
			isa = PBXGroup;
			children = (
				BBC632BB1CFB2AD3006407C9 /* SolPlayerUITests.swift */,
				BBC632BD1CFB2AD3006407C9 /* Info.plist */,
			);
			path = SolPlayerUITests;
			sourceTree = "<group>";
		};
/* End PBXGroup section */

/* Begin PBXNativeTarget section */
		BBC632971CFB2AD3006407C9 /* SolPlayer */ = {
			isa = PBXNativeTarget;
			buildConfigurationList = BBC632C01CFB2AD3006407C9 /* Build configuration list for PBXNativeTarget "SolPlayer" */;
			buildPhases = (
				BBC632941CFB2AD3006407C9 /* Sources */,
				BBC632951CFB2AD3006407C9 /* Frameworks */,
				BBC632961CFB2AD3006407C9 /* Resources */,
				BB4FFCB81D72CA6B0045B4DF /* Embed Frameworks */,
			);
			buildRules = (
			);
			dependencies = (
			);
			name = SolPlayer;
			productName = SolPlayer;
			productReference = BBC632981CFB2AD3006407C9 /* SolPlayer.app */;
			productType = "com.apple.product-type.application";
		};
		BBC632AB1CFB2AD3006407C9 /* SolPlayerTests */ = {
			isa = PBXNativeTarget;
			buildConfigurationList = BBC632C31CFB2AD3006407C9 /* Build configuration list for PBXNativeTarget "SolPlayerTests" */;
			buildPhases = (
				BBC632A81CFB2AD3006407C9 /* Sources */,
				BBC632A91CFB2AD3006407C9 /* Frameworks */,
				BBC632AA1CFB2AD3006407C9 /* Resources */,
			);
			buildRules = (
			);
			dependencies = (
				BBC632AE1CFB2AD3006407C9 /* PBXTargetDependency */,
			);
			name = SolPlayerTests;
			productName = SolPlayerTests;
			productReference = BBC632AC1CFB2AD3006407C9 /* SolPlayerTests.xctest */;
			productType = "com.apple.product-type.bundle.unit-test";
		};
		BBC632B61CFB2AD3006407C9 /* SolPlayerUITests */ = {
			isa = PBXNativeTarget;
			buildConfigurationList = BBC632C61CFB2AD3006407C9 /* Build configuration list for PBXNativeTarget "SolPlayerUITests" */;
			buildPhases = (
				BBC632B31CFB2AD3006407C9 /* Sources */,
				BBC632B41CFB2AD3006407C9 /* Frameworks */,
				BBC632B51CFB2AD3006407C9 /* Resources */,
			);
			buildRules = (
			);
			dependencies = (
				BBC632B91CFB2AD3006407C9 /* PBXTargetDependency */,
			);
			name = SolPlayerUITests;
			productName = SolPlayerUITests;
			productReference = BBC632B71CFB2AD3006407C9 /* SolPlayerUITests.xctest */;
			productType = "com.apple.product-type.bundle.ui-testing";
		};
/* End PBXNativeTarget section */

/* Begin PBXProject section */
		BBC632901CFB2AD3006407C9 /* Project object */ = {
			isa = PBXProject;
			attributes = {
				KnownAssetTags = (
					aa,
				);
				LastSwiftUpdateCheck = 0730;
				LastUpgradeCheck = 0730;
				ORGANIZATIONNAME = "Morioka Naoya";
				TargetAttributes = {
					BBC632971CFB2AD3006407C9 = {
						CreatedOnToolsVersion = 7.3.1;
						SystemCapabilities = {
							com.apple.BackgroundModes = {
								enabled = 1;
							};
						};
					};
					BBC632AB1CFB2AD3006407C9 = {
						CreatedOnToolsVersion = 7.3.1;
						TestTargetID = BBC632971CFB2AD3006407C9;
					};
					BBC632B61CFB2AD3006407C9 = {
						CreatedOnToolsVersion = 7.3.1;
						TestTargetID = BBC632971CFB2AD3006407C9;
					};
				};
			};
			buildConfigurationList = BBC632931CFB2AD3006407C9 /* Build configuration list for PBXProject "SolPlayer" */;
			compatibilityVersion = "Xcode 3.2";
			developmentRegion = English;
			hasScannedForEncodings = 0;
			knownRegions = (
				English,
				en,
				Base,
				ja,
			);
			mainGroup = BBC6328F1CFB2AD3006407C9;
			packageReferences = (
				6EE6D88D2D103C5200A4236F /* XCRemoteSwiftPackageReference "Alamofire" */,
			);
			productRefGroup = BBC632991CFB2AD3006407C9 /* Products */;
			projectDirPath = "";
			projectRoot = "";
			targets = (
				BBC632971CFB2AD3006407C9 /* SolPlayer */,
				BBC632AB1CFB2AD3006407C9 /* SolPlayerTests */,
				BBC632B61CFB2AD3006407C9 /* SolPlayerUITests */,
			);
		};
/* End PBXProject section */

/* Begin PBXResourcesBuildPhase section */
		BBC632961CFB2AD3006407C9 /* Resources */ = {
			isa = PBXResourcesBuildPhase;
			buildActionMask = 2147483647;
			files = (
				BB2C636B1D0F1247002CCFB2 /* play64.png in Resources */,
				BB69F6371D16DC7200B717F4 /* solSwitch1_on1.png in Resources */,
				BB6B85501D1B5AF100816498 /* repeat.png in Resources */,
				BB2C63641D0F10E0002CCFB2 /* stop2.png in Resources */,
				BB6B85621D1B5B6D00816498 /* download@2x.png in Resources */,
				BB2C635F1D0F0ED8002CCFB2 /* pause_white@2x.png in Resources */,
				BBBA1C7F1D0D352B00AF09DD /* nextsong.png in Resources */,
				BBBA1C821D0D352B00AF09DD /* prevsong_white.png in Resources */,
				BBBA1C771D0D308800AF09DD /* setting_white@2x.png in Resources */,
				BB6B854F1D1B5AF100816498 /* repeat_blue@2x.png in Resources */,
				BBC632A61CFB2AD3006407C9 /* LaunchScreen.storyboard in Resources */,
				BB6B85541D1B5AF100816498 /* repeat2@2x.png in Resources */,
				BB69F6391D16DC7200B717F4 /* solSwitch1_on2.png in Resources */,
				BB2C636F1D0F151F002CCFB2 /* pause64@2x.png in Resources */,
				BBBA1C781D0D308800AF09DD /* playlist_white@2x.png in Resources */,
				BB6B855B1D1B5B5600816498 /* junk.png in Resources */,
				BBC632A31CFB2AD3006407C9 /* Assets.xcassets in Resources */,
				BBACEA161D0CEA4F00CC07C4 /* play40@2x.png in Resources */,
				BB6B85561D1B5B1E00816498 /* repeat_blue.png in Resources */,
				BB6B855C1D1B5B5600816498 /* junk@2x.png in Resources */,
				BB2C63671D0F10E0002CCFB2 /* stop1@2x.png in Resources */,
				BB66AF9D1D0C8E62007CA80A /* play40_0@3x.png in Resources */,
				BB6B85641D1B5B6D00816498 /* dustbox@2x.png in Resources */,
				BB66AF9C1D0C8E62007CA80A /* play40_0@2x.png in Resources */,
				BB2C635D1D0F0ECB002CCFB2 /* pause_white.png in Resources */,
				BBACEA1A1D0CEE4500CC07C4 /* SolPlayer_bg4-3.png in Resources */,
				BBACEA141D0CEA4600CC07C4 /* play40.png in Resources */,
				BB4FFC921D71E2860045B4DF /* global_w@2x.png in Resources */,
				BBBA1C811D0D352B00AF09DD /* playlist_white.png in Resources */,
				BB69F63A1D16DC7200B717F4 /* solSwitch1_on2@2x.png in Resources */,
				BB6B85511D1B5AF100816498 /* repeat@2x.png in Resources */,
				BBBA1C761D0D308800AF09DD /* prevsong@2x.png in Resources */,
				BB66AFA11D0C8E7C007CA80A /* play60@3x.png in Resources */,
				BB69F6381D16DC7200B717F4 /* solSwitch1_on1@2x.png in Resources */,
				BBC632A11CFB2AD3006407C9 /* Main.storyboard in Resources */,
				BBBA1C831D0D352B00AF09DD /* setting_white.png in Resources */,
				BB2C63651D0F10E0002CCFB2 /* stop1.png in Resources */,
				BBBA1C801D0D352B00AF09DD /* play_white.png in Resources */,
				BBACEA181D0CEA5700CC07C4 /* play40@3x.png in Resources */,
				BB6B85581D1B5B3900816498 /* repeat2_blue@2x.png in Resources */,
				BBC632CA1CFB3654006407C9 /* BGM.mp3 in Resources */,
				BB69F63B1D16DC7200B717F4 /* solSwitch1@2x.png in Resources */,
				BBBA1C751D0D308800AF09DD /* nextsong@2x.png in Resources */,
				BB6B85471D1B5ACA00816498 /* speeker.png in Resources */,
				BB6B85631D1B5B6D00816498 /* dustbox.png in Resources */,
				BB66AFA31D0C8E87007CA80A /* play60.png in Resources */,
				BB6B85661D1B5B8500816498 /* download.png in Resources */,
				BB66AF9B1D0C8E62007CA80A /* play40_0.png in Resources */,
				BB2C636A1D0F1247002CCFB2 /* play64@2x.png in Resources */,
				BB4FFC901D71E27F0045B4DF /* global_w.png in Resources */,
				BB66AFA01D0C8E7C007CA80A /* play60@2x.png in Resources */,
				BBBA1C891D0D3C3C00AF09DD /* prevsong.png in Resources */,
				BB6B85481D1B5ACA00816498 /* speeker@2x.png in Resources */,
				BB69F6311D16DC6800B717F4 /* solSwitch1.png in Resources */,
				6E1EAB3E2D1087DD00D51F31 /* .gitignore in Resources */,
				BB66AF951D0BA120007CA80A /* solplayer_bg3.png in Resources */,
				BB6B85531D1B5AF100816498 /* repeat2.png in Resources */,
				BB2C63661D0F10E0002CCFB2 /* stop2@2x.png in Resources */,
				BB6B85521D1B5AF100816498 /* repeat2_blue.png in Resources */,
				BBBA1C791D0D308800AF09DD /* play_white@2x.png in Resources */,
				BB2C636E1D0F151F002CCFB2 /* pause64.png in Resources */,
			);
			runOnlyForDeploymentPostprocessing = 0;
		};
		BBC632AA1CFB2AD3006407C9 /* Resources */ = {
			isa = PBXResourcesBuildPhase;
			buildActionMask = 2147483647;
			files = (
			);
			runOnlyForDeploymentPostprocessing = 0;
		};
		BBC632B51CFB2AD3006407C9 /* Resources */ = {
			isa = PBXResourcesBuildPhase;
			buildActionMask = 2147483647;
			files = (
			);
			runOnlyForDeploymentPostprocessing = 0;
		};
/* End PBXResourcesBuildPhase section */

/* Begin PBXSourcesBuildPhase section */
		BBC632941CFB2AD3006407C9 /* Sources */ = {
			isa = PBXSourcesBuildPhase;
			buildActionMask = 2147483647;
			files = (
				6EDF9B012D4A4CFD00735712 /* WebPlayViewController.swift in Sources */,
				BB7855A31D03F61200FB0914 /* Song2.swift in Sources */,
				BBC6329E1CFB2AD3006407C9 /* ViewController.swift in Sources */,
				BB66AF8E1D076DE9007CA80A /* PlaylistViewController.swift in Sources */,
				BBC6329C1CFB2AD3006407C9 /* AppDelegate.swift in Sources */,
				BB5509761D44931900E404A7 /* UserConfigManager.swift in Sources */,
				BB22FF7C1D330F2A00810BA5 /* CustomButton.swift in Sources */,
				BB83E2181D28AB7A00921085 /* DataMigration4to7Policy.swift in Sources */,
				BBF5C2B61D164D9F00DE7CBA /* Song.swift in Sources */,
				BB9FC60F1D1E28C6004CB9F4 /* ImageUtil.swift in Sources */,
				BB66AF971D0BB879007CA80A /* SolPlayer.swift in Sources */,
				BB7DA6741CFD055000A5A706 /* UserConfigViewController.swift in Sources */,
				BBF5C2B51D164D9F00DE7CBA /* Song+CoreDataProperties.swift in Sources */,
				BB6B85401D18A66B00816498 /* Playlist+CoreDataProperties.swift in Sources */,
				BBF5C2B21D164C2F00DE7CBA /* SongModel.xcdatamodeld in Sources */,
				BB659A751D04ED3C005535FC /* AppError.swift in Sources */,
				BB6B85411D18A66B00816498 /* Playlist.swift in Sources */,
			);
			runOnlyForDeploymentPostprocessing = 0;
		};
		BBC632A81CFB2AD3006407C9 /* Sources */ = {
			isa = PBXSourcesBuildPhase;
			buildActionMask = 2147483647;
			files = (
				BBC632B11CFB2AD3006407C9 /* SolPlayerTests.swift in Sources */,
			);
			runOnlyForDeploymentPostprocessing = 0;
		};
		BBC632B31CFB2AD3006407C9 /* Sources */ = {
			isa = PBXSourcesBuildPhase;
			buildActionMask = 2147483647;
			files = (
				BBC632BC1CFB2AD3006407C9 /* SolPlayerUITests.swift in Sources */,
			);
			runOnlyForDeploymentPostprocessing = 0;
		};
/* End PBXSourcesBuildPhase section */

/* Begin PBXTargetDependency section */
		BBC632AE1CFB2AD3006407C9 /* PBXTargetDependency */ = {
			isa = PBXTargetDependency;
			target = BBC632971CFB2AD3006407C9 /* SolPlayer */;
			targetProxy = BBC632AD1CFB2AD3006407C9 /* PBXContainerItemProxy */;
		};
		BBC632B91CFB2AD3006407C9 /* PBXTargetDependency */ = {
			isa = PBXTargetDependency;
			target = BBC632971CFB2AD3006407C9 /* SolPlayer */;
			targetProxy = BBC632B81CFB2AD3006407C9 /* PBXContainerItemProxy */;
		};
/* End PBXTargetDependency section */

/* Begin PBXVariantGroup section */
		BBC6329F1CFB2AD3006407C9 /* Main.storyboard */ = {
			isa = PBXVariantGroup;
			children = (
				BBC632A01CFB2AD3006407C9 /* Base */,
				BB66AF8F1D087ACA007CA80A /* ja */,
			);
			name = Main.storyboard;
			sourceTree = "<group>";
		};
		BBC632A41CFB2AD3006407C9 /* LaunchScreen.storyboard */ = {
			isa = PBXVariantGroup;
			children = (
				BBC632A51CFB2AD3006407C9 /* Base */,
				BB66AF901D087ACA007CA80A /* ja */,
			);
			name = LaunchScreen.storyboard;
			sourceTree = "<group>";
		};
/* End PBXVariantGroup section */

/* Begin XCBuildConfiguration section */
		BBC632BE1CFB2AD3006407C9 /* Debug */ = {
			isa = XCBuildConfiguration;
			buildSettings = {
				ALWAYS_SEARCH_USER_PATHS = NO;
				CLANG_ANALYZER_NONNULL = YES;
				CLANG_CXX_LANGUAGE_STANDARD = "gnu++0x";
				CLANG_CXX_LIBRARY = "libc++";
				CLANG_ENABLE_MODULES = YES;
				CLANG_ENABLE_OBJC_ARC = YES;
				CLANG_WARN_BOOL_CONVERSION = YES;
				CLANG_WARN_CONSTANT_CONVERSION = YES;
				CLANG_WARN_DIRECT_OBJC_ISA_USAGE = YES_ERROR;
				CLANG_WARN_EMPTY_BODY = YES;
				CLANG_WARN_ENUM_CONVERSION = YES;
				CLANG_WARN_INT_CONVERSION = YES;
				CLANG_WARN_OBJC_ROOT_CLASS = YES_ERROR;
				CLANG_WARN_UNREACHABLE_CODE = YES;
				CLANG_WARN__DUPLICATE_METHOD_MATCH = YES;
				CODE_SIGN_IDENTITY = "iPhone Distribution: Naoya Morioka (M836YTN2FQ)";
				"CODE_SIGN_IDENTITY[sdk=iphoneos*]" = "iPhone Distribution: Naoya Morioka (M836YTN2FQ)";
				COPY_PHASE_STRIP = NO;
				DEBUG_INFORMATION_FORMAT = dwarf;
				ENABLE_STRICT_OBJC_MSGSEND = YES;
				ENABLE_TESTABILITY = YES;
				GCC_C_LANGUAGE_STANDARD = gnu99;
				GCC_DYNAMIC_NO_PIC = NO;
				GCC_NO_COMMON_BLOCKS = YES;
				GCC_OPTIMIZATION_LEVEL = 0;
				GCC_PREPROCESSOR_DEFINITIONS = (
					"DEBUG=1",
					"$(inherited)",
				);
				GCC_WARN_64_TO_32_BIT_CONVERSION = YES;
				GCC_WARN_ABOUT_RETURN_TYPE = YES_ERROR;
				GCC_WARN_UNDECLARED_SELECTOR = YES;
				GCC_WARN_UNINITIALIZED_AUTOS = YES_AGGRESSIVE;
				GCC_WARN_UNUSED_FUNCTION = YES;
				GCC_WARN_UNUSED_VARIABLE = YES;
				IPHONEOS_DEPLOYMENT_TARGET = 15.6;
				MTL_ENABLE_DEBUG_INFO = YES;
				ONLY_ACTIVE_ARCH = YES;
				SDKROOT = iphoneos;
				SWIFT_OPTIMIZATION_LEVEL = "-Onone";
				SWIFT_VERSION = 4.0;
			};
			name = Debug;
		};
		BBC632BF1CFB2AD3006407C9 /* Release */ = {
			isa = XCBuildConfiguration;
			buildSettings = {
				ALWAYS_SEARCH_USER_PATHS = NO;
				CLANG_ANALYZER_NONNULL = YES;
				CLANG_CXX_LANGUAGE_STANDARD = "gnu++0x";
				CLANG_CXX_LIBRARY = "libc++";
				CLANG_ENABLE_MODULES = YES;
				CLANG_ENABLE_OBJC_ARC = YES;
				CLANG_WARN_BOOL_CONVERSION = YES;
				CLANG_WARN_CONSTANT_CONVERSION = YES;
				CLANG_WARN_DIRECT_OBJC_ISA_USAGE = YES_ERROR;
				CLANG_WARN_EMPTY_BODY = YES;
				CLANG_WARN_ENUM_CONVERSION = YES;
				CLANG_WARN_INT_CONVERSION = YES;
				CLANG_WARN_OBJC_ROOT_CLASS = YES_ERROR;
				CLANG_WARN_UNREACHABLE_CODE = YES;
				CLANG_WARN__DUPLICATE_METHOD_MATCH = YES;
				CODE_SIGN_IDENTITY = "iPhone Distribution: Naoya Morioka (M836YTN2FQ)";
				"CODE_SIGN_IDENTITY[sdk=iphoneos*]" = "iPhone Distribution: Naoya Morioka (M836YTN2FQ)";
				COPY_PHASE_STRIP = NO;
				DEBUG_INFORMATION_FORMAT = "dwarf-with-dsym";
				ENABLE_NS_ASSERTIONS = NO;
				ENABLE_STRICT_OBJC_MSGSEND = YES;
				GCC_C_LANGUAGE_STANDARD = gnu99;
				GCC_NO_COMMON_BLOCKS = YES;
				GCC_WARN_64_TO_32_BIT_CONVERSION = YES;
				GCC_WARN_ABOUT_RETURN_TYPE = YES_ERROR;
				GCC_WARN_UNDECLARED_SELECTOR = YES;
				GCC_WARN_UNINITIALIZED_AUTOS = YES_AGGRESSIVE;
				GCC_WARN_UNUSED_FUNCTION = YES;
				GCC_WARN_UNUSED_VARIABLE = YES;
				IPHONEOS_DEPLOYMENT_TARGET = 15.6;
				MTL_ENABLE_DEBUG_INFO = NO;
				SDKROOT = iphoneos;
				SWIFT_VERSION = 4.0;
				VALIDATE_PRODUCT = YES;
			};
			name = Release;
		};
		BBC632C11CFB2AD3006407C9 /* Debug */ = {
			isa = XCBuildConfiguration;
			buildSettings = {
				ASSETCATALOG_COMPILER_APPICON_NAME = AppIcon;
				CLANG_ENABLE_MODULES = YES;
				CODE_SIGN_IDENTITY = "Apple Development";
				CODE_SIGN_STYLE = Automatic;
				DEVELOPMENT_TEAM = M836YTN2FQ;
				EMBEDDED_CONTENT_CONTAINS_SWIFT = YES;
				INFOPLIST_FILE = SolPlayer/Info.plist;
				LD_RUNPATH_SEARCH_PATHS = (
					"$(inherited)",
					"@executable_path/Frameworks",
				);
				PRODUCT_BUNDLE_IDENTIFIER = jp.foresthill.SolPlayer;
				PRODUCT_NAME = "$(TARGET_NAME)";
				PROVISIONING_PROFILE_SPECIFIER = "";
				SWIFT_OBJC_BRIDGING_HEADER = "SolPlayer/SolPlayer-Bridging-Header.h";
				SWIFT_OPTIMIZATION_LEVEL = "-Onone";
				SWIFT_VERSION = 4.0;
			};
			name = Debug;
		};
		BBC632C21CFB2AD3006407C9 /* Release */ = {
			isa = XCBuildConfiguration;
			buildSettings = {
				ASSETCATALOG_COMPILER_APPICON_NAME = AppIcon;
				CLANG_ENABLE_MODULES = YES;
				CODE_SIGN_IDENTITY = "Apple Development";
				CODE_SIGN_STYLE = Automatic;
				DEVELOPMENT_TEAM = M836YTN2FQ;
				EMBEDDED_CONTENT_CONTAINS_SWIFT = YES;
				INFOPLIST_FILE = SolPlayer/Info.plist;
				LD_RUNPATH_SEARCH_PATHS = (
					"$(inherited)",
					"@executable_path/Frameworks",
				);
				PRODUCT_BUNDLE_IDENTIFIER = jp.foresthill.SolPlayer;
				PRODUCT_NAME = "$(TARGET_NAME)";
				PROVISIONING_PROFILE_SPECIFIER = "";
				SWIFT_OBJC_BRIDGING_HEADER = "SolPlayer/SolPlayer-Bridging-Header.h";
				SWIFT_VERSION = 4.0;
			};
			name = Release;
		};
		BBC632C41CFB2AD3006407C9 /* Debug */ = {
			isa = XCBuildConfiguration;
			buildSettings = {
				BUNDLE_LOADER = "$(TEST_HOST)";
				INFOPLIST_FILE = SolPlayerTests/Info.plist;
				LD_RUNPATH_SEARCH_PATHS = (
					"$(inherited)",
					"@executable_path/Frameworks",
					"@loader_path/Frameworks",
				);
				PRODUCT_BUNDLE_IDENTIFIER = jp.foresthill.SolPlayerTests;
				PRODUCT_NAME = "$(TARGET_NAME)";
				TEST_HOST = "$(BUILT_PRODUCTS_DIR)/SolPlayer.app/SolPlayer";
			};
			name = Debug;
		};
		BBC632C51CFB2AD3006407C9 /* Release */ = {
			isa = XCBuildConfiguration;
			buildSettings = {
				BUNDLE_LOADER = "$(TEST_HOST)";
				INFOPLIST_FILE = SolPlayerTests/Info.plist;
				LD_RUNPATH_SEARCH_PATHS = (
					"$(inherited)",
					"@executable_path/Frameworks",
					"@loader_path/Frameworks",
				);
				PRODUCT_BUNDLE_IDENTIFIER = jp.foresthill.SolPlayerTests;
				PRODUCT_NAME = "$(TARGET_NAME)";
				TEST_HOST = "$(BUILT_PRODUCTS_DIR)/SolPlayer.app/SolPlayer";
			};
			name = Release;
		};
		BBC632C71CFB2AD3006407C9 /* Debug */ = {
			isa = XCBuildConfiguration;
			buildSettings = {
				INFOPLIST_FILE = SolPlayerUITests/Info.plist;
				LD_RUNPATH_SEARCH_PATHS = (
					"$(inherited)",
					"@executable_path/Frameworks",
					"@loader_path/Frameworks",
				);
				PRODUCT_BUNDLE_IDENTIFIER = jp.foresthill.SolPlayerUITests;
				PRODUCT_NAME = "$(TARGET_NAME)";
				TEST_TARGET_NAME = SolPlayer;
			};
			name = Debug;
		};
		BBC632C81CFB2AD3006407C9 /* Release */ = {
			isa = XCBuildConfiguration;
			buildSettings = {
				INFOPLIST_FILE = SolPlayerUITests/Info.plist;
				LD_RUNPATH_SEARCH_PATHS = (
					"$(inherited)",
					"@executable_path/Frameworks",
					"@loader_path/Frameworks",
				);
				PRODUCT_BUNDLE_IDENTIFIER = jp.foresthill.SolPlayerUITests;
				PRODUCT_NAME = "$(TARGET_NAME)";
				TEST_TARGET_NAME = SolPlayer;
			};
			name = Release;
		};
/* End XCBuildConfiguration section */

/* Begin XCConfigurationList section */
		BBC632931CFB2AD3006407C9 /* Build configuration list for PBXProject "SolPlayer" */ = {
			isa = XCConfigurationList;
			buildConfigurations = (
				BBC632BE1CFB2AD3006407C9 /* Debug */,
				BBC632BF1CFB2AD3006407C9 /* Release */,
			);
			defaultConfigurationIsVisible = 0;
			defaultConfigurationName = Release;
		};
		BBC632C01CFB2AD3006407C9 /* Build configuration list for PBXNativeTarget "SolPlayer" */ = {
			isa = XCConfigurationList;
			buildConfigurations = (
				BBC632C11CFB2AD3006407C9 /* Debug */,
				BBC632C21CFB2AD3006407C9 /* Release */,
			);
			defaultConfigurationIsVisible = 0;
			defaultConfigurationName = Release;
		};
		BBC632C31CFB2AD3006407C9 /* Build configuration list for PBXNativeTarget "SolPlayerTests" */ = {
			isa = XCConfigurationList;
			buildConfigurations = (
				BBC632C41CFB2AD3006407C9 /* Debug */,
				BBC632C51CFB2AD3006407C9 /* Release */,
			);
			defaultConfigurationIsVisible = 0;
			defaultConfigurationName = Release;
		};
		BBC632C61CFB2AD3006407C9 /* Build configuration list for PBXNativeTarget "SolPlayerUITests" */ = {
			isa = XCConfigurationList;
			buildConfigurations = (
				BBC632C71CFB2AD3006407C9 /* Debug */,
				BBC632C81CFB2AD3006407C9 /* Release */,
			);
			defaultConfigurationIsVisible = 0;
			defaultConfigurationName = Release;
		};
/* End XCConfigurationList section */

/* Begin XCRemoteSwiftPackageReference section */
		6EE6D88D2D103C5200A4236F /* XCRemoteSwiftPackageReference "Alamofire" */ = {
			isa = XCRemoteSwiftPackageReference;
			repositoryURL = "https://github.com/Alamofire/Alamofire.git";
			requirement = {
				kind = upToNextMajorVersion;
				minimumVersion = 5.10.2;
			};
		};
/* End XCRemoteSwiftPackageReference section */

/* Begin XCVersionGroup section */
		BBF5C2B01D164C2F00DE7CBA /* SongModel.xcdatamodeld */ = {
			isa = XCVersionGroup;
			children = (
				BBE075861D4BECEC0091973B /* SongModel 8.xcdatamodel */,
				BB7D745F1D28A21B002D7A3D /* SongModel 7.xcdatamodel */,
				BB7D745E1D27FC6F002D7A3D /* SongModel 6.xcdatamodel */,
				BB6B85671D1C4A3700816498 /* SongModel 5.xcdatamodel */,
				BB6B85441D1B57BD00816498 /* SongModel 4.xcdatamodel */,
				BB6B85431D19F5A200816498 /* SongModel 3.xcdatamodel */,
				BB6B85421D1971B500816498 /* SongModel 2.xcdatamodel */,
				BBF5C2B11D164C2F00DE7CBA /* SongModel.xcdatamodel */,
			);
			currentVersion = BB7D745F1D28A21B002D7A3D /* SongModel 7.xcdatamodel */;
			path = SongModel.xcdatamodeld;
			sourceTree = "<group>";
			versionGroupType = wrapper.xcdatamodel;
		};
/* End XCVersionGroup section */
	};
	rootObject = BBC632901CFB2AD3006407C9 /* Project object */;
}
